// !$*UTF8*$!
{
	archiveVersion = 1;
	classes = {
	};
	objectVersion = 50;
	objects = {

/* Begin PBXBuildFile section */
		2A69823625715FE000776ECB /* AppDelegate.swift in Sources */ = {isa = PBXBuildFile; fileRef = 2A69823525715FE000776ECB /* AppDelegate.swift */; };
		2A69823825715FE000776ECB /* SceneDelegate.swift in Sources */ = {isa = PBXBuildFile; fileRef = 2A69823725715FE000776ECB /* SceneDelegate.swift */; };
		2A69823F25715FE300776ECB /* Assets.xcassets in Resources */ = {isa = PBXBuildFile; fileRef = 2A69823E25715FE300776ECB /* Assets.xcassets */; };
		2A69824225715FE300776ECB /* LaunchScreen.storyboard in Resources */ = {isa = PBXBuildFile; fileRef = 2A69824025715FE300776ECB /* LaunchScreen.storyboard */; };
		2A69824E2571604900776ECB /* QIitaViewController.swift in Sources */ = {isa = PBXBuildFile; fileRef = 2A69824C2571604900776ECB /* QIitaViewController.swift */; };
		2A69824F2571604900776ECB /* QIitaViewController.xib in Resources */ = {isa = PBXBuildFile; fileRef = 2A69824D2571604900776ECB /* QIitaViewController.xib */; };
		2A6982562571628200776ECB /* QiitaModel.swift in Sources */ = {isa = PBXBuildFile; fileRef = 2A6982552571628200776ECB /* QiitaModel.swift */; };
		2A6982642573D4BE00776ECB /* QiitaTableViewCell.swift in Sources */ = {isa = PBXBuildFile; fileRef = 2A6982622573D4BE00776ECB /* QiitaTableViewCell.swift */; };
		2A6982652573D4BE00776ECB /* QiitaTableViewCell.xib in Resources */ = {isa = PBXBuildFile; fileRef = 2A6982632573D4BE00776ECB /* QiitaTableViewCell.xib */; };
/* End PBXBuildFile section */

/* Begin PBXFileReference section */
		2A69823225715FE000776ECB /* QiitaApi.app */ = {isa = PBXFileReference; explicitFileType = wrapper.application; includeInIndex = 0; path = QiitaApi.app; sourceTree = BUILT_PRODUCTS_DIR; };
		2A69823525715FE000776ECB /* AppDelegate.swift */ = {isa = PBXFileReference; lastKnownFileType = sourcecode.swift; path = AppDelegate.swift; sourceTree = "<group>"; };
		2A69823725715FE000776ECB /* SceneDelegate.swift */ = {isa = PBXFileReference; lastKnownFileType = sourcecode.swift; path = SceneDelegate.swift; sourceTree = "<group>"; };
		2A69823E25715FE300776ECB /* Assets.xcassets */ = {isa = PBXFileReference; lastKnownFileType = folder.assetcatalog; path = Assets.xcassets; sourceTree = "<group>"; };
		2A69824125715FE300776ECB /* Base */ = {isa = PBXFileReference; lastKnownFileType = file.storyboard; name = Base; path = Base.lproj/LaunchScreen.storyboard; sourceTree = "<group>"; };
		2A69824325715FE300776ECB /* Info.plist */ = {isa = PBXFileReference; lastKnownFileType = text.plist.xml; path = Info.plist; sourceTree = "<group>"; };
		2A69824C2571604900776ECB /* QIitaViewController.swift */ = {isa = PBXFileReference; lastKnownFileType = sourcecode.swift; path = QIitaViewController.swift; sourceTree = "<group>"; };
		2A69824D2571604900776ECB /* QIitaViewController.xib */ = {isa = PBXFileReference; lastKnownFileType = file.xib; path = QIitaViewController.xib; sourceTree = "<group>"; };
		2A6982552571628200776ECB /* QiitaModel.swift */ = {isa = PBXFileReference; lastKnownFileType = sourcecode.swift; path = QiitaModel.swift; sourceTree = "<group>"; };
		2A6982622573D4BE00776ECB /* QiitaTableViewCell.swift */ = {isa = PBXFileReference; lastKnownFileType = sourcecode.swift; path = QiitaTableViewCell.swift; sourceTree = "<group>"; };
		2A6982632573D4BE00776ECB /* QiitaTableViewCell.xib */ = {isa = PBXFileReference; lastKnownFileType = file.xib; path = QiitaTableViewCell.xib; sourceTree = "<group>"; };
/* End PBXFileReference section */

/* Begin PBXFrameworksBuildPhase section */
		2A69822F25715FE000776ECB /* Frameworks */ = {
			isa = PBXFrameworksBuildPhase;
			buildActionMask = 2147483647;
			files = (
			);
			runOnlyForDeploymentPostprocessing = 0;
		};
/* End PBXFrameworksBuildPhase section */

/* Begin PBXGroup section */
		2A69822925715FE000776ECB = {
			isa = PBXGroup;
			children = (
				2A69823425715FE000776ECB /* QiitaApi */,
				2A69823325715FE000776ECB /* Products */,
			);
			sourceTree = "<group>";
		};
		2A69823325715FE000776ECB /* Products */ = {
			isa = PBXGroup;
			children = (
				2A69823225715FE000776ECB /* QiitaApi.app */,
			);
			name = Products;
			sourceTree = "<group>";
		};
		2A69823425715FE000776ECB /* QiitaApi */ = {
			isa = PBXGroup;
			children = (
				2A69823525715FE000776ECB /* AppDelegate.swift */,
				2A69823725715FE000776ECB /* SceneDelegate.swift */,
				2A69823E25715FE300776ECB /* Assets.xcassets */,
				2A6982542571620000776ECB /* Model */,
				2A698253257161F100776ECB /* View */,
				2A6982512571605000776ECB /* ViewController */,
				2A69824025715FE300776ECB /* LaunchScreen.storyboard */,
				2A69824325715FE300776ECB /* Info.plist */,
			);
			path = QiitaApi;
			sourceTree = "<group>";
		};
		2A6982512571605000776ECB /* ViewController */ = {
			isa = PBXGroup;
			children = (
				2A69824C2571604900776ECB /* QIitaViewController.swift */,
				2A69824D2571604900776ECB /* QIitaViewController.xib */,
			);
			path = ViewController;
			sourceTree = "<group>";
		};
		2A698253257161F100776ECB /* View */ = {
			isa = PBXGroup;
			children = (
				2A6982622573D4BE00776ECB /* QiitaTableViewCell.swift */,
				2A6982632573D4BE00776ECB /* QiitaTableViewCell.xib */,
			);
			path = View;
			sourceTree = "<group>";
		};
		2A6982542571620000776ECB /* Model */ = {
			isa = PBXGroup;
			children = (
				2A6982552571628200776ECB /* QiitaModel.swift */,
			);
			path = Model;
			sourceTree = "<group>";
		};
/* End PBXGroup section */

/* Begin PBXNativeTarget section */
		2A69823125715FE000776ECB /* QiitaApi */ = {
			isa = PBXNativeTarget;
			buildConfigurationList = 2A69824625715FE300776ECB /* Build configuration list for PBXNativeTarget "QiitaApi" */;
			buildPhases = (
				2A69822E25715FE000776ECB /* Sources */,
				2A69822F25715FE000776ECB /* Frameworks */,
				2A69823025715FE000776ECB /* Resources */,
			);
			buildRules = (
			);
			dependencies = (
			);
			name = QiitaApi;
			productName = QiitaApi;
			productReference = 2A69823225715FE000776ECB /* QiitaApi.app */;
			productType = "com.apple.product-type.application";
		};
/* End PBXNativeTarget section */

/* Begin PBXProject section */
		2A69822A25715FE000776ECB /* Project object */ = {
			isa = PBXProject;
			attributes = {
				LastSwiftUpdateCheck = 1220;
				LastUpgradeCheck = 1220;
				TargetAttributes = {
					2A69823125715FE000776ECB = {
						CreatedOnToolsVersion = 12.2;
					};
				};
			};
			buildConfigurationList = 2A69822D25715FE000776ECB /* Build configuration list for PBXProject "QiitaApi" */;
			compatibilityVersion = "Xcode 9.3";
			developmentRegion = en;
			hasScannedForEncodings = 0;
			knownRegions = (
				en,
				Base,
			);
			mainGroup = 2A69822925715FE000776ECB;
			productRefGroup = 2A69823325715FE000776ECB /* Products */;
			projectDirPath = "";
			projectRoot = "";
			targets = (
				2A69823125715FE000776ECB /* QiitaApi */,
			);
		};
/* End PBXProject section */

/* Begin PBXResourcesBuildPhase section */
		2A69823025715FE000776ECB /* Resources */ = {
			isa = PBXResourcesBuildPhase;
			buildActionMask = 2147483647;
			files = (
				2A69824F2571604900776ECB /* QIitaViewController.xib in Resources */,
				2A69824225715FE300776ECB /* LaunchScreen.storyboard in Resources */,
				2A6982652573D4BE00776ECB /* QiitaTableViewCell.xib in Resources */,
				2A69823F25715FE300776ECB /* Assets.xcassets in Resources */,
			);
			runOnlyForDeploymentPostprocessing = 0;
		};
/* End PBXResourcesBuildPhase section */

/* Begin PBXSourcesBuildPhase section */
		2A69822E25715FE000776ECB /* Sources */ = {
			isa = PBXSourcesBuildPhase;
			buildActionMask = 2147483647;
			files = (
				2A6982562571628200776ECB /* QiitaModel.swift in Sources */,
				2A69823625715FE000776ECB /* AppDelegate.swift in Sources */,
				2A6982642573D4BE00776ECB /* QiitaTableViewCell.swift in Sources */,
				2A69824E2571604900776ECB /* QIitaViewController.swift in Sources */,
				2A69823825715FE000776ECB /* SceneDelegate.swift in Sources */,
			);
			runOnlyForDeploymentPostprocessing = 0;
		};
/* End PBXSourcesBuildPhase section */

/* Begin PBXVariantGroup section */
		2A69824025715FE300776ECB /* LaunchScreen.storyboard */ = {
			isa = PBXVariantGroup;
			children = (
				2A69824125715FE300776ECB /* Base */,
			);
			name = LaunchScreen.storyboard;
			sourceTree = "<group>";
		};
/* End PBXVariantGroup section */

/* Begin XCBuildConfiguration section */
		2A69824425715FE300776ECB /* Debug */ = {
			isa = XCBuildConfiguration;
			buildSettings = {
				ALWAYS_SEARCH_USER_PATHS = NO;
				CLANG_ANALYZER_NONNULL = YES;
				CLANG_ANALYZER_NUMBER_OBJECT_CONVERSION = YES_AGGRESSIVE;
				CLANG_CXX_LANGUAGE_STANDARD = "gnu++14";
				CLANG_CXX_LIBRARY = "libc++";
				CLANG_ENABLE_MODULES = YES;
				CLANG_ENABLE_OBJC_ARC = YES;
				CLANG_ENABLE_OBJC_WEAK = YES;
				CLANG_WARN_BLOCK_CAPTURE_AUTORELEASING = YES;
				CLANG_WARN_BOOL_CONVERSION = YES;
				CLANG_WARN_COMMA = YES;
				CLANG_WARN_CONSTANT_CONVERSION = YES;
				CLANG_WARN_DEPRECATED_OBJC_IMPLEMENTATIONS = YES;
				CLANG_WARN_DIRECT_OBJC_ISA_USAGE = YES_ERROR;
				CLANG_WARN_DOCUMENTATION_COMMENTS = YES;
				CLANG_WARN_EMPTY_BODY = YES;
				CLANG_WARN_ENUM_CONVERSION = YES;
				CLANG_WARN_INFINITE_RECURSION = YES;
				CLANG_WARN_INT_CONVERSION = YES;
				CLANG_WARN_NON_LITERAL_NULL_CONVERSION = YES;
				CLANG_WARN_OBJC_IMPLICIT_RETAIN_SELF = YES;
				CLANG_WARN_OBJC_LITERAL_CONVERSION = YES;
				CLANG_WARN_OBJC_ROOT_CLASS = YES_ERROR;
				CLANG_WARN_QUOTED_INCLUDE_IN_FRAMEWORK_HEADER = YES;
				CLANG_WARN_RANGE_LOOP_ANALYSIS = YES;
				CLANG_WARN_STRICT_PROTOTYPES = YES;
				CLANG_WARN_SUSPICIOUS_MOVE = YES;
				CLANG_WARN_UNGUARDED_AVAILABILITY = YES_AGGRESSIVE;
				CLANG_WARN_UNREACHABLE_CODE = YES;
				CLANG_WARN__DUPLICATE_METHOD_MATCH = YES;
				COPY_PHASE_STRIP = NO;
				DEBUG_INFORMATION_FORMAT = dwarf;
				ENABLE_STRICT_OBJC_MSGSEND = YES;
				ENABLE_TESTABILITY = YES;
				GCC_C_LANGUAGE_STANDARD = gnu11;
				GCC_DYNAMIC_NO_PIC = NO;
				GCC_NO_COMMON_BLOCKS = YES;
				GCC_OPTIMIZATION_LEVEL = 0;
				GCC_PREPROCESSOR_DEFINITIONS = (
					"DEBUG=1",
					"$(inherited)",
				);
				GCC_WARN_64_TO_32_BIT_CONVERSION = YES;
				GCC_WARN_ABOUT_RETURN_TYPE = YES_ERROR;
				GCC_WARN_UNDECLARED_SELECTOR = YES;
				GCC_WARN_UNINITIALIZED_AUTOS = YES_AGGRESSIVE;
				GCC_WARN_UNUSED_FUNCTION = YES;
				GCC_WARN_UNUSED_VARIABLE = YES;
				IPHONEOS_DEPLOYMENT_TARGET = 14.2;
				MTL_ENABLE_DEBUG_INFO = INCLUDE_SOURCE;
				MTL_FAST_MATH = YES;
				ONLY_ACTIVE_ARCH = YES;
				SDKROOT = iphoneos;
				SWIFT_ACTIVE_COMPILATION_CONDITIONS = DEBUG;
				SWIFT_OPTIMIZATION_LEVEL = "-Onone";
			};
			name = Debug;
		};
		2A69824525715FE300776ECB /* Release */ = {
			isa = XCBuildConfiguration;
			buildSettings = {
				ALWAYS_SEARCH_USER_PATHS = NO;
				CLANG_ANALYZER_NONNULL = YES;
				CLANG_ANALYZER_NUMBER_OBJECT_CONVERSION = YES_AGGRESSIVE;
				CLANG_CXX_LANGUAGE_STANDARD = "gnu++14";
				CLANG_CXX_LIBRARY = "libc++";
				CLANG_ENABLE_MODULES = YES;
				CLANG_ENABLE_OBJC_ARC = YES;
				CLANG_ENABLE_OBJC_WEAK = YES;
				CLANG_WARN_BLOCK_CAPTURE_AUTORELEASING = YES;
				CLANG_WARN_BOOL_CONVERSION = YES;
				CLANG_WARN_COMMA = YES;
				CLANG_WARN_CONSTANT_CONVERSION = YES;
				CLANG_WARN_DEPRECATED_OBJC_IMPLEMENTATIONS = YES;
				CLANG_WARN_DIRECT_OBJC_ISA_USAGE = YES_ERROR;
				CLANG_WARN_DOCUMENTATION_COMMENTS = YES;
				CLANG_WARN_EMPTY_BODY = YES;
				CLANG_WARN_ENUM_CONVERSION = YES;
				CLANG_WARN_INFINITE_RECURSION = YES;
				CLANG_WARN_INT_CONVERSION = YES;
				CLANG_WARN_NON_LITERAL_NULL_CONVERSION = YES;
				CLANG_WARN_OBJC_IMPLICIT_RETAIN_SELF = YES;
				CLANG_WARN_OBJC_LITERAL_CONVERSION = YES;
				CLANG_WARN_OBJC_ROOT_CLASS = YES_ERROR;
				CLANG_WARN_QUOTED_INCLUDE_IN_FRAMEWORK_HEADER = YES;
				CLANG_WARN_RANGE_LOOP_ANALYSIS = YES;
				CLANG_WARN_STRICT_PROTOTYPES = YES;
				CLANG_WARN_SUSPICIOUS_MOVE = YES;
				CLANG_WARN_UNGUARDED_AVAILABILITY = YES_AGGRESSIVE;
				CLANG_WARN_UNREACHABLE_CODE = YES;
				CLANG_WARN__DUPLICATE_METHOD_MATCH = YES;
				COPY_PHASE_STRIP = NO;
				DEBUG_INFORMATION_FORMAT = "dwarf-with-dsym";
				ENABLE_NS_ASSERTIONS = NO;
				ENABLE_STRICT_OBJC_MSGSEND = YES;
				GCC_C_LANGUAGE_STANDARD = gnu11;
				GCC_NO_COMMON_BLOCKS = YES;
				GCC_WARN_64_TO_32_BIT_CONVERSION = YES;
				GCC_WARN_ABOUT_RETURN_TYPE = YES_ERROR;
				GCC_WARN_UNDECLARED_SELECTOR = YES;
				GCC_WARN_UNINITIALIZED_AUTOS = YES_AGGRESSIVE;
				GCC_WARN_UNUSED_FUNCTION = YES;
				GCC_WARN_UNUSED_VARIABLE = YES;
				IPHONEOS_DEPLOYMENT_TARGET = 14.2;
				MTL_ENABLE_DEBUG_INFO = NO;
				MTL_FAST_MATH = YES;
				SDKROOT = iphoneos;
				SWIFT_COMPILATION_MODE = wholemodule;
				SWIFT_OPTIMIZATION_LEVEL = "-O";
				VALIDATE_PRODUCT = YES;
			};
			name = Release;
		};
		2A69824725715FE300776ECB /* Debug */ = {
			isa = XCBuildConfiguration;
			buildSettings = {
				ASSETCATALOG_COMPILER_APPICON_NAME = AppIcon;
				ASSETCATALOG_COMPILER_GLOBAL_ACCENT_COLOR_NAME = AccentColor;
				CODE_SIGN_STYLE = Automatic;
				DEVELOPMENT_TEAM = 4KSR5K3Z23;
				INFOPLIST_FILE = QiitaApi/Info.plist;
				LD_RUNPATH_SEARCH_PATHS = (
					"$(inherited)",
					"@executable_path/Frameworks",
				);
				PRODUCT_BUNDLE_IDENTIFIER = "nagai-ryo.QiitaApi";
				PRODUCT_NAME = "$(TARGET_NAME)";
				SWIFT_VERSION = 5.0;
				TARGETED_DEVICE_FAMILY = "1,2";
			};
			name = Debug;
		};
		2A69824825715FE300776ECB /* Release */ = {
			isa = XCBuildConfiguration;
			buildSettings = {
				ASSETCATALOG_COMPILER_APPICON_NAME = AppIcon;
				ASSETCATALOG_COMPILER_GLOBAL_ACCENT_COLOR_NAME = AccentColor;
				CODE_SIGN_STYLE = Automatic;
				DEVELOPMENT_TEAM = 4KSR5K3Z23;
				INFOPLIST_FILE = QiitaApi/Info.plist;
				LD_RUNPATH_SEARCH_PATHS = (
					"$(inherited)",
					"@executable_path/Frameworks",
				);
				PRODUCT_BUNDLE_IDENTIFIER = "nagai-ryo.QiitaApi";
				PRODUCT_NAME = "$(TARGET_NAME)";
				SWIFT_VERSION = 5.0;
				TARGETED_DEVICE_FAMILY = "1,2";
			};
			name = Release;
		};
/* End XCBuildConfiguration section */

/* Begin XCConfigurationList section */
		2A69822D25715FE000776ECB /* Build configuration list for PBXProject "QiitaApi" */ = {
			isa = XCConfigurationList;
			buildConfigurations = (
				2A69824425715FE300776ECB /* Debug */,
				2A69824525715FE300776ECB /* Release */,
			);
			defaultConfigurationIsVisible = 0;
			defaultConfigurationName = Release;
		};
		2A69824625715FE300776ECB /* Build configuration list for PBXNativeTarget "QiitaApi" */ = {
			isa = XCConfigurationList;
			buildConfigurations = (
				2A69824725715FE300776ECB /* Debug */,
				2A69824825715FE300776ECB /* Release */,
			);
			defaultConfigurationIsVisible = 0;
			defaultConfigurationName = Release;
		};
/* End XCConfigurationList section */
	};
	rootObject = 2A69822A25715FE000776ECB /* Project object */;
}
